{
  "name": "03-test",
  "version": "1.0.0",
  "lockfileVersion": 2,
  "requires": true,
  "packages": {
    "": {
      "name": "03-test",
      "version": "1.0.0",
      "license": "ISC",
      "devDependencies": {
        "02-webpack-numbers-testingtest": "^1.0.3",
        "lodash": "^4.17.21"
      }
    },
    "node_modules/02-webpack-numbers-testingtest": {
      "version": "1.0.3",
      "resolved": "https://registry.npmjs.org/02-webpack-numbers-testingtest/-/02-webpack-numbers-testingtest-1.0.3.tgz",
      "integrity": "sha512-cX5aJIJ2osDmivmfTX9tBUxmC+5LT/rgXy2pvm8qHKiFa2WvdKV8rb9oA7dAJOjy5sE5y5lx3TeRW6FnfHUSrQ==",
      "dev": true
    },
    "node_modules/lodash": {
      "version": "4.17.21",
      "resolved": "https://registry.npmjs.org/lodash/-/lodash-4.17.21.tgz",
      "integrity": "sha512-v2kDEe57lecTulaDIuNTPy3Ry4gLGJ6Z1O3vE1krgXZNrsQ+LFTGHVxVjcXPs17LhbZVGedAJv8XZ1tvj5FvSg==",
      "dev": true
    }
  },
  "dependencies": {
    "02-webpack-numbers-testingtest": {
      "version": "1.0.3",
      "resolved": "https://registry.npmjs.org/02-webpack-numbers-testingtest/-/02-webpack-numbers-testingtest-1.0.3.tgz",
      "integrity": "sha512-cX5aJIJ2osDmivmfTX9tBUxmC+5LT/rgXy2pvm8qHKiFa2WvdKV8rb9oA7dAJOjy5sE5y5lx3TeRW6FnfHUSrQ==",
      "dev": true
    },
    "lodash": {
      "version": "4.17.21",
      "resolved": "https://registry.npmjs.org/lodash/-/lodash-4.17.21.tgz",
      "integrity": "sha512-v2kDEe57lecTulaDIuNTPy3Ry4gLGJ6Z1O3vE1krgXZNrsQ+LFTGHVxVjcXPs17LhbZVGedAJv8XZ1tvj5FvSg==",
      "dev": true
    }
  }
}
